
Microsoft Visual Studio Solution File, Format Version 12.00
# Visual Studio Version 17
VisualStudioVersion = 17.8.34511.84
MinimumVisualStudioVersion = 10.0.40219.1
Project("{FAE04EC0-301F-11D3-BF4B-00C04F79EFBC}") = "UnitTest", "UnitTest.csproj", "{AF4D1A05-15A0-4E62-A768-98A0969AD15C}"
EndProject
Global
	GlobalSection(SolutionConfigurationPlatforms) = preSolution
		Debug|Any CPU = Debug|Any CPU
		Release|Any CPU = Release|Any CPU
	EndGlobalSection
	GlobalSection(ProjectConfigurationPlatforms) = postSolution
		{AF4D1A05-15A0-4E62-A768-98A0969AD15C}.Debug|Any CPU.ActiveCfg = Debug|Any CPU
		{AF4D1A05-15A0-4E62-A768-98A0969AD15C}.Debug|Any CPU.Build.0 = Debug|Any CPU
		{AF4D1A05-15A0-4E62-A768-98A0969AD15C}.Release|Any CPU.ActiveCfg = Release|Any CPU
		{AF4D1A05-15A0-4E62-A768-98A0969AD15C}.Release|Any CPU.Build.0 = Release|Any CPU
	EndGlobalSection
	GlobalSection(SolutionProperties) = preSolution
		HideSolutionNode = FALSE
	EndGlobalSection
	GlobalSection(ExtensibilityGlobals) = postSolution
		SolutionGuid = {17E1DB24-2CB5-4A6D-9D1C-6ADBC7273EE0}
	EndGlobalSection
EndGlobal
